// !$*UTF8*$!
{
	archiveVersion = 1;
	classes = {
	};
	objectVersion = 50;
	objects = {

/* Begin PBXBuildFile section */
		9426BEB526A09BA70068B840 /* AppDelegate.swift in Sources */ = {isa = PBXBuildFile; fileRef = 9426BEB426A09BA70068B840 /* AppDelegate.swift */; };
		9426BEB726A09BA70068B840 /* SceneDelegate.swift in Sources */ = {isa = PBXBuildFile; fileRef = 9426BEB626A09BA70068B840 /* SceneDelegate.swift */; };
		9426BEB926A09BA70068B840 /* ViewController.swift in Sources */ = {isa = PBXBuildFile; fileRef = 9426BEB826A09BA70068B840 /* ViewController.swift */; };
		9426BEBC26A09BA70068B840 /* Main.storyboard in Resources */ = {isa = PBXBuildFile; fileRef = 9426BEBA26A09BA70068B840 /* Main.storyboard */; };
		9426BEBF26A09BA70068B840 /* hexefit.xcdatamodeld in Sources */ = {isa = PBXBuildFile; fileRef = 9426BEBD26A09BA70068B840 /* hexefit.xcdatamodeld */; };
		9426BEC126A09BAB0068B840 /* Assets.xcassets in Resources */ = {isa = PBXBuildFile; fileRef = 9426BEC026A09BAB0068B840 /* Assets.xcassets */; };
		9426BEC426A09BAB0068B840 /* LaunchScreen.storyboard in Resources */ = {isa = PBXBuildFile; fileRef = 9426BEC226A09BAB0068B840 /* LaunchScreen.storyboard */; };
		9426BECF26A09BAC0068B840 /* hexefitTests.swift in Sources */ = {isa = PBXBuildFile; fileRef = 9426BECE26A09BAC0068B840 /* hexefitTests.swift */; };
		9426BEDA26A09BAC0068B840 /* hexefitUITests.swift in Sources */ = {isa = PBXBuildFile; fileRef = 9426BED926A09BAC0068B840 /* hexefitUITests.swift */; };
/* End PBXBuildFile section */

/* Begin PBXContainerItemProxy section */
		9426BECB26A09BAC0068B840 /* PBXContainerItemProxy */ = {
			isa = PBXContainerItemProxy;
			containerPortal = 9426BEA926A09BA70068B840 /* Project object */;
			proxyType = 1;
			remoteGlobalIDString = 9426BEB026A09BA70068B840;
			remoteInfo = hexefit;
		};
		9426BED626A09BAC0068B840 /* PBXContainerItemProxy */ = {
			isa = PBXContainerItemProxy;
			containerPortal = 9426BEA926A09BA70068B840 /* Project object */;
			proxyType = 1;
			remoteGlobalIDString = 9426BEB026A09BA70068B840;
			remoteInfo = hexefit;
		};
/* End PBXContainerItemProxy section */

/* Begin PBXFileReference section */
		9426BEB126A09BA70068B840 /* hexefit.app */ = {isa = PBXFileReference; explicitFileType = wrapper.application; includeInIndex = 0; path = hexefit.app; sourceTree = BUILT_PRODUCTS_DIR; };
		9426BEB426A09BA70068B840 /* AppDelegate.swift */ = {isa = PBXFileReference; lastKnownFileType = sourcecode.swift; path = AppDelegate.swift; sourceTree = "<group>"; };
		9426BEB626A09BA70068B840 /* SceneDelegate.swift */ = {isa = PBXFileReference; lastKnownFileType = sourcecode.swift; path = SceneDelegate.swift; sourceTree = "<group>"; };
		9426BEB826A09BA70068B840 /* ViewController.swift */ = {isa = PBXFileReference; lastKnownFileType = sourcecode.swift; path = ViewController.swift; sourceTree = "<group>"; };
		9426BEBB26A09BA70068B840 /* Base */ = {isa = PBXFileReference; lastKnownFileType = file.storyboard; name = Base; path = Base.lproj/Main.storyboard; sourceTree = "<group>"; };
		9426BEBE26A09BA70068B840 /* hexefit.xcdatamodel */ = {isa = PBXFileReference; lastKnownFileType = wrapper.xcdatamodel; path = hexefit.xcdatamodel; sourceTree = "<group>"; };
		9426BEC026A09BAB0068B840 /* Assets.xcassets */ = {isa = PBXFileReference; lastKnownFileType = folder.assetcatalog; path = Assets.xcassets; sourceTree = "<group>"; };
		9426BEC326A09BAB0068B840 /* Base */ = {isa = PBXFileReference; lastKnownFileType = file.storyboard; name = Base; path = Base.lproj/LaunchScreen.storyboard; sourceTree = "<group>"; };
		9426BEC526A09BAB0068B840 /* Info.plist */ = {isa = PBXFileReference; lastKnownFileType = text.plist.xml; path = Info.plist; sourceTree = "<group>"; };
		9426BECA26A09BAC0068B840 /* hexefitTests.xctest */ = {isa = PBXFileReference; explicitFileType = wrapper.cfbundle; includeInIndex = 0; path = hexefitTests.xctest; sourceTree = BUILT_PRODUCTS_DIR; };
		9426BECE26A09BAC0068B840 /* hexefitTests.swift */ = {isa = PBXFileReference; lastKnownFileType = sourcecode.swift; path = hexefitTests.swift; sourceTree = "<group>"; };
		9426BED026A09BAC0068B840 /* Info.plist */ = {isa = PBXFileReference; lastKnownFileType = text.plist.xml; path = Info.plist; sourceTree = "<group>"; };
		9426BED526A09BAC0068B840 /* hexefitUITests.xctest */ = {isa = PBXFileReference; explicitFileType = wrapper.cfbundle; includeInIndex = 0; path = hexefitUITests.xctest; sourceTree = BUILT_PRODUCTS_DIR; };
		9426BED926A09BAC0068B840 /* hexefitUITests.swift */ = {isa = PBXFileReference; lastKnownFileType = sourcecode.swift; path = hexefitUITests.swift; sourceTree = "<group>"; };
		9426BEDB26A09BAC0068B840 /* Info.plist */ = {isa = PBXFileReference; lastKnownFileType = text.plist.xml; path = Info.plist; sourceTree = "<group>"; };
/* End PBXFileReference section */

/* Begin PBXFrameworksBuildPhase section */
		9426BEAE26A09BA70068B840 /* Frameworks */ = {
			isa = PBXFrameworksBuildPhase;
			buildActionMask = 2147483647;
			files = (
			);
			runOnlyForDeploymentPostprocessing = 0;
		};
		9426BEC726A09BAC0068B840 /* Frameworks */ = {
			isa = PBXFrameworksBuildPhase;
			buildActionMask = 2147483647;
			files = (
			);
			runOnlyForDeploymentPostprocessing = 0;
		};
		9426BED226A09BAC0068B840 /* Frameworks */ = {
			isa = PBXFrameworksBuildPhase;
			buildActionMask = 2147483647;
			files = (
			);
			runOnlyForDeploymentPostprocessing = 0;
		};
/* End PBXFrameworksBuildPhase section */

/* Begin PBXGroup section */
		9426BEA826A09BA70068B840 = {
			isa = PBXGroup;
			children = (
				9426BEB326A09BA70068B840 /* hexefit */,
				9426BECD26A09BAC0068B840 /* hexefitTests */,
				9426BED826A09BAC0068B840 /* hexefitUITests */,
				9426BEB226A09BA70068B840 /* Products */,
			);
			sourceTree = "<group>";
		};
		9426BEB226A09BA70068B840 /* Products */ = {
			isa = PBXGroup;
			children = (
				9426BEB126A09BA70068B840 /* hexefit.app */,
				9426BECA26A09BAC0068B840 /* hexefitTests.xctest */,
				9426BED526A09BAC0068B840 /* hexefitUITests.xctest */,
			);
			name = Products;
			sourceTree = "<group>";
		};
		9426BEB326A09BA70068B840 /* hexefit */ = {
			isa = PBXGroup;
			children = (
				9426BEB426A09BA70068B840 /* AppDelegate.swift */,
				9426BEB626A09BA70068B840 /* SceneDelegate.swift */,
				9426BEB826A09BA70068B840 /* ViewController.swift */,
				9426BEBA26A09BA70068B840 /* Main.storyboard */,
				9426BEC026A09BAB0068B840 /* Assets.xcassets */,
				9426BEC226A09BAB0068B840 /* LaunchScreen.storyboard */,
				9426BEC526A09BAB0068B840 /* Info.plist */,
				9426BEBD26A09BA70068B840 /* hexefit.xcdatamodeld */,
			);
			path = hexefit;
			sourceTree = "<group>";
		};
		9426BECD26A09BAC0068B840 /* hexefitTests */ = {
			isa = PBXGroup;
			children = (
				9426BECE26A09BAC0068B840 /* hexefitTests.swift */,
				9426BED026A09BAC0068B840 /* Info.plist */,
			);
			path = hexefitTests;
			sourceTree = "<group>";
		};
		9426BED826A09BAC0068B840 /* hexefitUITests */ = {
			isa = PBXGroup;
			children = (
				9426BED926A09BAC0068B840 /* hexefitUITests.swift */,
				9426BEDB26A09BAC0068B840 /* Info.plist */,
			);
			path = hexefitUITests;
			sourceTree = "<group>";
		};
/* End PBXGroup section */

/* Begin PBXNativeTarget section */
		9426BEB026A09BA70068B840 /* hexefit */ = {
			isa = PBXNativeTarget;
			buildConfigurationList = 9426BEDE26A09BAC0068B840 /* Build configuration list for PBXNativeTarget "hexefit" */;
			buildPhases = (
				9426BEAD26A09BA70068B840 /* Sources */,
				9426BEAE26A09BA70068B840 /* Frameworks */,
				9426BEAF26A09BA70068B840 /* Resources */,
			);
			buildRules = (
			);
			dependencies = (
			);
			name = hexefit;
			productName = hexefit;
			productReference = 9426BEB126A09BA70068B840 /* hexefit.app */;
			productType = "com.apple.product-type.application";
		};
		9426BEC926A09BAC0068B840 /* hexefitTests */ = {
			isa = PBXNativeTarget;
			buildConfigurationList = 9426BEE126A09BAC0068B840 /* Build configuration list for PBXNativeTarget "hexefitTests" */;
			buildPhases = (
				9426BEC626A09BAC0068B840 /* Sources */,
				9426BEC726A09BAC0068B840 /* Frameworks */,
				9426BEC826A09BAC0068B840 /* Resources */,
			);
			buildRules = (
			);
			dependencies = (
				9426BECC26A09BAC0068B840 /* PBXTargetDependency */,
			);
			name = hexefitTests;
			productName = hexefitTests;
			productReference = 9426BECA26A09BAC0068B840 /* hexefitTests.xctest */;
			productType = "com.apple.product-type.bundle.unit-test";
		};
		9426BED426A09BAC0068B840 /* hexefitUITests */ = {
			isa = PBXNativeTarget;
			buildConfigurationList = 9426BEE426A09BAC0068B840 /* Build configuration list for PBXNativeTarget "hexefitUITests" */;
			buildPhases = (
				9426BED126A09BAC0068B840 /* Sources */,
				9426BED226A09BAC0068B840 /* Frameworks */,
				9426BED326A09BAC0068B840 /* Resources */,
			);
			buildRules = (
			);
			dependencies = (
				9426BED726A09BAC0068B840 /* PBXTargetDependency */,
			);
			name = hexefitUITests;
			productName = hexefitUITests;
			productReference = 9426BED526A09BAC0068B840 /* hexefitUITests.xctest */;
			productType = "com.apple.product-type.bundle.ui-testing";
		};
/* End PBXNativeTarget section */

/* Begin PBXProject section */
		9426BEA926A09BA70068B840 /* Project object */ = {
			isa = PBXProject;
			attributes = {
				LastSwiftUpdateCheck = 1250;
				LastUpgradeCheck = 1250;
				TargetAttributes = {
					9426BEB026A09BA70068B840 = {
						CreatedOnToolsVersion = 12.5.1;
					};
					9426BEC926A09BAC0068B840 = {
						CreatedOnToolsVersion = 12.5.1;
						TestTargetID = 9426BEB026A09BA70068B840;
					};
					9426BED426A09BAC0068B840 = {
						CreatedOnToolsVersion = 12.5.1;
						TestTargetID = 9426BEB026A09BA70068B840;
					};
				};
			};
			buildConfigurationList = 9426BEAC26A09BA70068B840 /* Build configuration list for PBXProject "hexefit" */;
			compatibilityVersion = "Xcode 9.3";
			developmentRegion = en;
			hasScannedForEncodings = 0;
			knownRegions = (
				en,
				Base,
			);
			mainGroup = 9426BEA826A09BA70068B840;
			productRefGroup = 9426BEB226A09BA70068B840 /* Products */;
			projectDirPath = "";
			projectRoot = "";
			targets = (
				9426BEB026A09BA70068B840 /* hexefit */,
				9426BEC926A09BAC0068B840 /* hexefitTests */,
				9426BED426A09BAC0068B840 /* hexefitUITests */,
			);
		};
/* End PBXProject section */

/* Begin PBXResourcesBuildPhase section */
		9426BEAF26A09BA70068B840 /* Resources */ = {
			isa = PBXResourcesBuildPhase;
			buildActionMask = 2147483647;
			files = (
				9426BEC426A09BAB0068B840 /* LaunchScreen.storyboard in Resources */,
				9426BEC126A09BAB0068B840 /* Assets.xcassets in Resources */,
				9426BEBC26A09BA70068B840 /* Main.storyboard in Resources */,
			);
			runOnlyForDeploymentPostprocessing = 0;
		};
		9426BEC826A09BAC0068B840 /* Resources */ = {
			isa = PBXResourcesBuildPhase;
			buildActionMask = 2147483647;
			files = (
			);
			runOnlyForDeploymentPostprocessing = 0;
		};
		9426BED326A09BAC0068B840 /* Resources */ = {
			isa = PBXResourcesBuildPhase;
			buildActionMask = 2147483647;
			files = (
			);
			runOnlyForDeploymentPostprocessing = 0;
		};
/* End PBXResourcesBuildPhase section */

/* Begin PBXSourcesBuildPhase section */
		9426BEAD26A09BA70068B840 /* Sources */ = {
			isa = PBXSourcesBuildPhase;
			buildActionMask = 2147483647;
			files = (
				9426BEB926A09BA70068B840 /* ViewController.swift in Sources */,
				9426BEBF26A09BA70068B840 /* hexefit.xcdatamodeld in Sources */,
				9426BEB526A09BA70068B840 /* AppDelegate.swift in Sources */,
				9426BEB726A09BA70068B840 /* SceneDelegate.swift in Sources */,
			);
			runOnlyForDeploymentPostprocessing = 0;
		};
		9426BEC626A09BAC0068B840 /* Sources */ = {
			isa = PBXSourcesBuildPhase;
			buildActionMask = 2147483647;
			files = (
				9426BECF26A09BAC0068B840 /* hexefitTests.swift in Sources */,
			);
			runOnlyForDeploymentPostprocessing = 0;
		};
		9426BED126A09BAC0068B840 /* Sources */ = {
			isa = PBXSourcesBuildPhase;
			buildActionMask = 2147483647;
			files = (
				9426BEDA26A09BAC0068B840 /* hexefitUITests.swift in Sources */,
			);
			runOnlyForDeploymentPostprocessing = 0;
		};
/* End PBXSourcesBuildPhase section */

/* Begin PBXTargetDependency section */
		9426BECC26A09BAC0068B840 /* PBXTargetDependency */ = {
			isa = PBXTargetDependency;
			target = 9426BEB026A09BA70068B840 /* hexefit */;
			targetProxy = 9426BECB26A09BAC0068B840 /* PBXContainerItemProxy */;
		};
		9426BED726A09BAC0068B840 /* PBXTargetDependency */ = {
			isa = PBXTargetDependency;
			target = 9426BEB026A09BA70068B840 /* hexefit */;
			targetProxy = 9426BED626A09BAC0068B840 /* PBXContainerItemProxy */;
		};
/* End PBXTargetDependency section */

/* Begin PBXVariantGroup section */
		9426BEBA26A09BA70068B840 /* Main.storyboard */ = {
			isa = PBXVariantGroup;
			children = (
				9426BEBB26A09BA70068B840 /* Base */,
			);
			name = Main.storyboard;
			sourceTree = "<group>";
		};
		9426BEC226A09BAB0068B840 /* LaunchScreen.storyboard */ = {
			isa = PBXVariantGroup;
			children = (
				9426BEC326A09BAB0068B840 /* Base */,
			);
			name = LaunchScreen.storyboard;
			sourceTree = "<group>";
		};
/* End PBXVariantGroup section */

/* Begin XCBuildConfiguration section */
		9426BEDC26A09BAC0068B840 /* Debug */ = {
			isa = XCBuildConfiguration;
			buildSettings = {
				ALWAYS_SEARCH_USER_PATHS = NO;
				CLANG_ANALYZER_NONNULL = YES;
				CLANG_ANALYZER_NUMBER_OBJECT_CONVERSION = YES_AGGRESSIVE;
				CLANG_CXX_LANGUAGE_STANDARD = "gnu++14";
				CLANG_CXX_LIBRARY = "libc++";
				CLANG_ENABLE_MODULES = YES;
				CLANG_ENABLE_OBJC_ARC = YES;
				CLANG_ENABLE_OBJC_WEAK = YES;
				CLANG_WARN_BLOCK_CAPTURE_AUTORELEASING = YES;
				CLANG_WARN_BOOL_CONVERSION = YES;
				CLANG_WARN_COMMA = YES;
				CLANG_WARN_CONSTANT_CONVERSION = YES;
				CLANG_WARN_DEPRECATED_OBJC_IMPLEMENTATIONS = YES;
				CLANG_WARN_DIRECT_OBJC_ISA_USAGE = YES_ERROR;
				CLANG_WARN_DOCUMENTATION_COMMENTS = YES;
				CLANG_WARN_EMPTY_BODY = YES;
				CLANG_WARN_ENUM_CONVERSION = YES;
				CLANG_WARN_INFINITE_RECURSION = YES;
				CLANG_WARN_INT_CONVERSION = YES;
				CLANG_WARN_NON_LITERAL_NULL_CONVERSION = YES;
				CLANG_WARN_OBJC_IMPLICIT_RETAIN_SELF = YES;
				CLANG_WARN_OBJC_LITERAL_CONVERSION = YES;
				CLANG_WARN_OBJC_ROOT_CLASS = YES_ERROR;
				CLANG_WARN_QUOTED_INCLUDE_IN_FRAMEWORK_HEADER = YES;
				CLANG_WARN_RANGE_LOOP_ANALYSIS = YES;
				CLANG_WARN_STRICT_PROTOTYPES = YES;
				CLANG_WARN_SUSPICIOUS_MOVE = YES;
				CLANG_WARN_UNGUARDED_AVAILABILITY = YES_AGGRESSIVE;
				CLANG_WARN_UNREACHABLE_CODE = YES;
				CLANG_WARN__DUPLICATE_METHOD_MATCH = YES;
				COPY_PHASE_STRIP = NO;
				DEBUG_INFORMATION_FORMAT = dwarf;
				ENABLE_STRICT_OBJC_MSGSEND = YES;
				ENABLE_TESTABILITY = YES;
				GCC_C_LANGUAGE_STANDARD = gnu11;
				GCC_DYNAMIC_NO_PIC = NO;
				GCC_NO_COMMON_BLOCKS = YES;
				GCC_OPTIMIZATION_LEVEL = 0;
				GCC_PREPROCESSOR_DEFINITIONS = (
					"DEBUG=1",
					"$(inherited)",
				);
				GCC_WARN_64_TO_32_BIT_CONVERSION = YES;
				GCC_WARN_ABOUT_RETURN_TYPE = YES_ERROR;
				GCC_WARN_UNDECLARED_SELECTOR = YES;
				GCC_WARN_UNINITIALIZED_AUTOS = YES_AGGRESSIVE;
				GCC_WARN_UNUSED_FUNCTION = YES;
				GCC_WARN_UNUSED_VARIABLE = YES;
				IPHONEOS_DEPLOYMENT_TARGET = 14.5;
				MTL_ENABLE_DEBUG_INFO = INCLUDE_SOURCE;
				MTL_FAST_MATH = YES;
				ONLY_ACTIVE_ARCH = YES;
				SDKROOT = iphoneos;
				SWIFT_ACTIVE_COMPILATION_CONDITIONS = DEBUG;
				SWIFT_OPTIMIZATION_LEVEL = "-Onone";
			};
			name = Debug;
		};
		9426BEDD26A09BAC0068B840 /* Release */ = {
			isa = XCBuildConfiguration;
			buildSettings = {
				ALWAYS_SEARCH_USER_PATHS = NO;
				CLANG_ANALYZER_NONNULL = YES;
				CLANG_ANALYZER_NUMBER_OBJECT_CONVERSION = YES_AGGRESSIVE;
				CLANG_CXX_LANGUAGE_STANDARD = "gnu++14";
				CLANG_CXX_LIBRARY = "libc++";
				CLANG_ENABLE_MODULES = YES;
				CLANG_ENABLE_OBJC_ARC = YES;
				CLANG_ENABLE_OBJC_WEAK = YES;
				CLANG_WARN_BLOCK_CAPTURE_AUTORELEASING = YES;
				CLANG_WARN_BOOL_CONVERSION = YES;
				CLANG_WARN_COMMA = YES;
				CLANG_WARN_CONSTANT_CONVERSION = YES;
				CLANG_WARN_DEPRECATED_OBJC_IMPLEMENTATIONS = YES;
				CLANG_WARN_DIRECT_OBJC_ISA_USAGE = YES_ERROR;
				CLANG_WARN_DOCUMENTATION_COMMENTS = YES;
				CLANG_WARN_EMPTY_BODY = YES;
				CLANG_WARN_ENUM_CONVERSION = YES;
				CLANG_WARN_INFINITE_RECURSION = YES;
				CLANG_WARN_INT_CONVERSION = YES;
				CLANG_WARN_NON_LITERAL_NULL_CONVERSION = YES;
				CLANG_WARN_OBJC_IMPLICIT_RETAIN_SELF = YES;
				CLANG_WARN_OBJC_LITERAL_CONVERSION = YES;
				CLANG_WARN_OBJC_ROOT_CLASS = YES_ERROR;
				CLANG_WARN_QUOTED_INCLUDE_IN_FRAMEWORK_HEADER = YES;
				CLANG_WARN_RANGE_LOOP_ANALYSIS = YES;
				CLANG_WARN_STRICT_PROTOTYPES = YES;
				CLANG_WARN_SUSPICIOUS_MOVE = YES;
				CLANG_WARN_UNGUARDED_AVAILABILITY = YES_AGGRESSIVE;
				CLANG_WARN_UNREACHABLE_CODE = YES;
				CLANG_WARN__DUPLICATE_METHOD_MATCH = YES;
				COPY_PHASE_STRIP = NO;
				DEBUG_INFORMATION_FORMAT = "dwarf-with-dsym";
				ENABLE_NS_ASSERTIONS = NO;
				ENABLE_STRICT_OBJC_MSGSEND = YES;
				GCC_C_LANGUAGE_STANDARD = gnu11;
				GCC_NO_COMMON_BLOCKS = YES;
				GCC_WARN_64_TO_32_BIT_CONVERSION = YES;
				GCC_WARN_ABOUT_RETURN_TYPE = YES_ERROR;
				GCC_WARN_UNDECLARED_SELECTOR = YES;
				GCC_WARN_UNINITIALIZED_AUTOS = YES_AGGRESSIVE;
				GCC_WARN_UNUSED_FUNCTION = YES;
				GCC_WARN_UNUSED_VARIABLE = YES;
				IPHONEOS_DEPLOYMENT_TARGET = 14.5;
				MTL_ENABLE_DEBUG_INFO = NO;
				MTL_FAST_MATH = YES;
				SDKROOT = iphoneos;
				SWIFT_COMPILATION_MODE = wholemodule;
				SWIFT_OPTIMIZATION_LEVEL = "-O";
				VALIDATE_PRODUCT = YES;
			};
			name = Release;
		};
		9426BEDF26A09BAC0068B840 /* Debug */ = {
			isa = XCBuildConfiguration;
			buildSettings = {
				ASSETCATALOG_COMPILER_APPICON_NAME = AppIcon;
				ASSETCATALOG_COMPILER_GLOBAL_ACCENT_COLOR_NAME = AccentColor;
				CODE_SIGN_STYLE = Automatic;
				DEVELOPMENT_TEAM = 37ARBJM75C;
				INFOPLIST_FILE = hexefit/Info.plist;
				LD_RUNPATH_SEARCH_PATHS = (
					"$(inherited)",
					"@executable_path/Frameworks",
				);
				PRODUCT_BUNDLE_IDENTIFIER = com.bommhaus.hexefit;
				PRODUCT_NAME = "$(TARGET_NAME)";
				SWIFT_VERSION = 5.0;
				TARGETED_DEVICE_FAMILY = "1,2";
			};
			name = Debug;
		};
		9426BEE026A09BAC0068B840 /* Release */ = {
			isa = XCBuildConfiguration;
			buildSettings = {
				ASSETCATALOG_COMPILER_APPICON_NAME = AppIcon;
				ASSETCATALOG_COMPILER_GLOBAL_ACCENT_COLOR_NAME = AccentColor;
				CODE_SIGN_STYLE = Automatic;
				DEVELOPMENT_TEAM = 37ARBJM75C;
				INFOPLIST_FILE = hexefit/Info.plist;
				LD_RUNPATH_SEARCH_PATHS = (
					"$(inherited)",
					"@executable_path/Frameworks",
				);
				PRODUCT_BUNDLE_IDENTIFIER = com.bommhaus.hexefit;
				PRODUCT_NAME = "$(TARGET_NAME)";
				SWIFT_VERSION = 5.0;
				TARGETED_DEVICE_FAMILY = "1,2";
			};
			name = Release;
		};
		9426BEE226A09BAC0068B840 /* Debug */ = {
			isa = XCBuildConfiguration;
			buildSettings = {
				ALWAYS_EMBED_SWIFT_STANDARD_LIBRARIES = YES;
				BUNDLE_LOADER = "$(TEST_HOST)";
				CODE_SIGN_STYLE = Automatic;
				DEVELOPMENT_TEAM = 37ARBJM75C;
				INFOPLIST_FILE = hexefitTests/Info.plist;
				IPHONEOS_DEPLOYMENT_TARGET = 14.5;
				LD_RUNPATH_SEARCH_PATHS = (
					"$(inherited)",
					"@executable_path/Frameworks",
					"@loader_path/Frameworks",
				);
				PRODUCT_BUNDLE_IDENTIFIER = com.bommhaus.hexefitTests;
				PRODUCT_NAME = "$(TARGET_NAME)";
				SWIFT_VERSION = 5.0;
				TARGETED_DEVICE_FAMILY = "1,2";
				TEST_HOST = "$(BUILT_PRODUCTS_DIR)/hexefit.app/hexefit";
			};
			name = Debug;
		};
		9426BEE326A09BAC0068B840 /* Release */ = {
			isa = XCBuildConfiguration;
			buildSettings = {
				ALWAYS_EMBED_SWIFT_STANDARD_LIBRARIES = YES;
				BUNDLE_LOADER = "$(TEST_HOST)";
				CODE_SIGN_STYLE = Automatic;
				DEVELOPMENT_TEAM = 37ARBJM75C;
				INFOPLIST_FILE = hexefitTests/Info.plist;
				IPHONEOS_DEPLOYMENT_TARGET = 14.5;
				LD_RUNPATH_SEARCH_PATHS = (
					"$(inherited)",
					"@executable_path/Frameworks",
					"@loader_path/Frameworks",
				);
				PRODUCT_BUNDLE_IDENTIFIER = com.bommhaus.hexefitTests;
				PRODUCT_NAME = "$(TARGET_NAME)";
				SWIFT_VERSION = 5.0;
				TARGETED_DEVICE_FAMILY = "1,2";
				TEST_HOST = "$(BUILT_PRODUCTS_DIR)/hexefit.app/hexefit";
			};
			name = Release;
		};
		9426BEE526A09BAC0068B840 /* Debug */ = {
			isa = XCBuildConfiguration;
			buildSettings = {
				ALWAYS_EMBED_SWIFT_STANDARD_LIBRARIES = YES;
				CODE_SIGN_STYLE = Automatic;
				DEVELOPMENT_TEAM = 37ARBJM75C;
				INFOPLIST_FILE = hexefitUITests/Info.plist;
				LD_RUNPATH_SEARCH_PATHS = (
					"$(inherited)",
					"@executable_path/Frameworks",
					"@loader_path/Frameworks",
				);
				PRODUCT_BUNDLE_IDENTIFIER = com.bommhaus.hexefitUITests;
				PRODUCT_NAME = "$(TARGET_NAME)";
				SWIFT_VERSION = 5.0;
				TARGETED_DEVICE_FAMILY = "1,2";
				TEST_TARGET_NAME = hexefit;
			};
			name = Debug;
		};
		9426BEE626A09BAC0068B840 /* Release */ = {
			isa = XCBuildConfiguration;
			buildSettings = {
				ALWAYS_EMBED_SWIFT_STANDARD_LIBRARIES = YES;
				CODE_SIGN_STYLE = Automatic;
				DEVELOPMENT_TEAM = 37ARBJM75C;
				INFOPLIST_FILE = hexefitUITests/Info.plist;
				LD_RUNPATH_SEARCH_PATHS = (
					"$(inherited)",
					"@executable_path/Frameworks",
					"@loader_path/Frameworks",
				);
				PRODUCT_BUNDLE_IDENTIFIER = com.bommhaus.hexefitUITests;
				PRODUCT_NAME = "$(TARGET_NAME)";
				SWIFT_VERSION = 5.0;
				TARGETED_DEVICE_FAMILY = "1,2";
				TEST_TARGET_NAME = hexefit;
			};
			name = Release;
		};
/* End XCBuildConfiguration section */

/* Begin XCConfigurationList section */
		9426BEAC26A09BA70068B840 /* Build configuration list for PBXProject "hexefit" */ = {
			isa = XCConfigurationList;
			buildConfigurations = (
				9426BEDC26A09BAC0068B840 /* Debug */,
				9426BEDD26A09BAC0068B840 /* Release */,
			);
			defaultConfigurationIsVisible = 0;
			defaultConfigurationName = Release;
		};
		9426BEDE26A09BAC0068B840 /* Build configuration list for PBXNativeTarget "hexefit" */ = {
			isa = XCConfigurationList;
			buildConfigurations = (
				9426BEDF26A09BAC0068B840 /* Debug */,
				9426BEE026A09BAC0068B840 /* Release */,
			);
			defaultConfigurationIsVisible = 0;
			defaultConfigurationName = Release;
		};
		9426BEE126A09BAC0068B840 /* Build configuration list for PBXNativeTarget "hexefitTests" */ = {
			isa = XCConfigurationList;
			buildConfigurations = (
				9426BEE226A09BAC0068B840 /* Debug */,
				9426BEE326A09BAC0068B840 /* Release */,
			);
			defaultConfigurationIsVisible = 0;
			defaultConfigurationName = Release;
		};
		9426BEE426A09BAC0068B840 /* Build configuration list for PBXNativeTarget "hexefitUITests" */ = {
			isa = XCConfigurationList;
			buildConfigurations = (
				9426BEE526A09BAC0068B840 /* Debug */,
				9426BEE626A09BAC0068B840 /* Release */,
			);
			defaultConfigurationIsVisible = 0;
			defaultConfigurationName = Release;
		};
/* End XCConfigurationList section */

/* Begin XCVersionGroup section */
		9426BEBD26A09BA70068B840 /* hexefit.xcdatamodeld */ = {
			isa = XCVersionGroup;
			children = (
				9426BEBE26A09BA70068B840 /* hexefit.xcdatamodel */,
			);
			currentVersion = 9426BEBE26A09BA70068B840 /* hexefit.xcdatamodel */;
			path = hexefit.xcdatamodeld;
			sourceTree = "<group>";
			versionGroupType = wrapper.xcdatamodel;
		};
/* End XCVersionGroup section */
	};
	rootObject = 9426BEA926A09BA70068B840 /* Project object */;
}
